<?xml version="1.0" encoding="utf-8"?>
<Project ToolsVersion="4.0" xmlns="http://schemas.microsoft.com/developer/msbuild/2003">
  <ItemGroup>
    <Filter Include="UI">
      <UniqueIdentifier>{83755900-6F01-880B-D8AF-880BC45A880B}</UniqueIdentifier>
    </Filter>
    <Filter Include="UI\Widgets">
      <UniqueIdentifier>{E977064A-D52F-4897-3E37-21F32A0EE387}</UniqueIdentifier>
    </Filter>
  </ItemGroup>
  <ItemGroup>
    <ClInclude Include="src\Application.h" />
    <ClInclude Include="src\Constants.h" />
    <ClInclude Include="src\Event.h" />
    <ClInclude Include="src\HandFilter.h" />
    <ClInclude Include="src\RenderUtils.h" />
    <ClInclude Include="src\Tests.h" />
    <ClInclude Include="src\UI\PanelUI.h">
      <Filter>UI</Filter>
    </ClInclude>
    <ClInclude Include="src\UI\RenderCursor.h">
      <Filter>UI</Filter>
    </ClInclude>
    <ClInclude Include="src\UI\Widgets\ButtonUI.h">
      <Filter>UI\Widgets</Filter>
    </ClInclude>
    <ClInclude Include="src\UI\Widgets\InputUI.h">
      <Filter>UI\Widgets</Filter>
    </ClInclude>
    <ClInclude Include="src\UI\Widgets\LabelUI.h">
      <Filter>UI\Widgets</Filter>
    </ClInclude>
    <ClInclude Include="src\UI\Widgets\NodeSelectorUI.h">
      <Filter>UI\Widgets</Filter>
    </ClInclude>
    <ClInclude Include="src\UI\Widgets\RadioButtonUI.h">
      <Filter>UI\Widgets</Filter>
    </ClInclude>
    <ClInclude Include="src\UI\Widgets\ScrollHandItemUI.h">
      <Filter>UI\Widgets</Filter>
    </ClInclude>
    <ClInclude Include="src\UI\Widgets\ScrollViewUI.h">
      <Filter>UI\Widgets</Filter>
    </ClInclude>
    <ClInclude Include="src\UI\Widgets\TrainerUI.h">
      <Filter>UI\Widgets</Filter>
    </ClInclude>
    <ClInclude Include="src\UI\Widgets\WidgetUI.h">
      <Filter>UI\Widgets</Filter>
    </ClInclude>
    <ClInclude Include="src\UI\WindowPanel.h">
      <Filter>UI</Filter>
    </ClInclude>
  </ItemGroup>
  <ItemGroup>
    <ClCompile Include="src\Application.cpp" />
    <ClCompile Include="src\UI\Widgets\NodeSelectorUI.cpp">
      <Filter>UI\Widgets</Filter>
    </ClCompile>
    <ClCompile Include="src\UI\Widgets\ScrollViewUI.cpp">
      <Filter>UI\Widgets</Filter>
    </ClCompile>
    <ClCompile Include="src\UI\Widgets\TrainerUI.cpp">
      <Filter>UI\Widgets</Filter>
    </ClCompile>
    <ClCompile Include="src\UI\WindowPanel.cpp">
      <Filter>UI</Filter>
    </ClCompile>
    <ClCompile Include="src\main.cpp" />
  </ItemGroup>
</Project>